
Microsoft Visual Studio Solution File, Format Version 12.00
# Visual Studio Version 16
VisualStudioVersion = 16.0.31424.327
MinimumVisualStudioVersion = 10.0.40219.1
Project("{FAE04EC0-301F-11D3-BF4B-00C04F79EFBC}") = "HtmlProject_1", "HtmlProject_1\HtmlProject_1.csproj", "{219077F2-0680-440B-B8B8-3EC83271A280}"
EndProject
Global
	GlobalSection(SolutionConfigurationPlatforms) = preSolution
		Debug|Any CPU = Debug|Any CPU
		Release|Any CPU = Release|Any CPU
	EndGlobalSection
	GlobalSection(ProjectConfigurationPlatforms) = postSolution
		{219077F2-0680-440B-B8B8-3EC83271A280}.Debug|Any CPU.ActiveCfg = Debug|Any CPU
		{219077F2-0680-440B-B8B8-3EC83271A280}.Debug|Any CPU.Build.0 = Debug|Any CPU
		{219077F2-0680-440B-B8B8-3EC83271A280}.Release|Any CPU.ActiveCfg = Release|Any CPU
		{219077F2-0680-440B-B8B8-3EC83271A280}.Release|Any CPU.Build.0 = Release|Any CPU
	EndGlobalSection
	GlobalSection(SolutionProperties) = preSolution
		HideSolutionNode = FALSE
	EndGlobalSection
	GlobalSection(ExtensibilityGlobals) = postSolution
		SolutionGuid = {CDBA51EB-1FF5-44F4-8ED5-59DC9132A6FB}
	EndGlobalSection
EndGlobal
